
Microsoft Visual Studio Solution File, Format Version 12.00
# Visual Studio Version 16
VisualStudioVersion = 16.0.29613.14
MinimumVisualStudioVersion = 10.0.40219.1
Project("{9A19103F-16F7-4668-BE54-9A1E7A4F7556}") = "BufferedLoggerAnalyzer", "BufferedLoggerAnalyzer\BufferedLoggerAnalyzer.csproj", "{134EA8D6-0F38-4EC4-875B-0DB2FF0E5185}"
EndProject
Project("{9A19103F-16F7-4668-BE54-9A1E7A4F7556}") = "BufferedLoggerAnalyzer.Test", "BufferedLoggerAnalyzer.Test\BufferedLoggerAnalyzer.Test.csproj", "{8EF632CC-E1E7-4576-A14B-1C5DCA5CB090}"
EndProject
Project("{FAE04EC0-301F-11D3-BF4B-00C04F79EFBC}") = "BufferedLoggerAnalyzer.Vsix", "BufferedLoggerAnalyzer.Vsix\BufferedLoggerAnalyzer.Vsix.csproj", "{FD8079E4-D85F-42A7-8A1B-BCE02AF2A867}"
EndProject
Global
	GlobalSection(SolutionConfigurationPlatforms) = preSolution
		Debug|Any CPU = Debug|Any CPU
		Release|Any CPU = Release|Any CPU
	EndGlobalSection
	GlobalSection(ProjectConfigurationPlatforms) = postSolution
		{134EA8D6-0F38-4EC4-875B-0DB2FF0E5185}.Debug|Any CPU.ActiveCfg = Debug|Any CPU
		{134EA8D6-0F38-4EC4-875B-0DB2FF0E5185}.Debug|Any CPU.Build.0 = Debug|Any CPU
		{134EA8D6-0F38-4EC4-875B-0DB2FF0E5185}.Release|Any CPU.ActiveCfg = Release|Any CPU
		{134EA8D6-0F38-4EC4-875B-0DB2FF0E5185}.Release|Any CPU.Build.0 = Release|Any CPU
		{8EF632CC-E1E7-4576-A14B-1C5DCA5CB090}.Debug|Any CPU.ActiveCfg = Debug|Any CPU
		{8EF632CC-E1E7-4576-A14B-1C5DCA5CB090}.Debug|Any CPU.Build.0 = Debug|Any CPU
		{8EF632CC-E1E7-4576-A14B-1C5DCA5CB090}.Release|Any CPU.ActiveCfg = Release|Any CPU
		{8EF632CC-E1E7-4576-A14B-1C5DCA5CB090}.Release|Any CPU.Build.0 = Release|Any CPU
		{FD8079E4-D85F-42A7-8A1B-BCE02AF2A867}.Debug|Any CPU.ActiveCfg = Debug|Any CPU
		{FD8079E4-D85F-42A7-8A1B-BCE02AF2A867}.Debug|Any CPU.Build.0 = Debug|Any CPU
		{FD8079E4-D85F-42A7-8A1B-BCE02AF2A867}.Release|Any CPU.ActiveCfg = Release|Any CPU
		{FD8079E4-D85F-42A7-8A1B-BCE02AF2A867}.Release|Any CPU.Build.0 = Release|Any CPU
	EndGlobalSection
	GlobalSection(SolutionProperties) = preSolution
		HideSolutionNode = FALSE
	EndGlobalSection
	GlobalSection(ExtensibilityGlobals) = postSolution
		SolutionGuid = {D98210FF-F381-4B6D-9950-8651F59E864B}
	EndGlobalSection
EndGlobal
